github.com/mduvall/go-quip v0.0.0-20160711000209-205ac9897970 h1:kqN28jHFZII60npqXt6hDUBSYNWHPjFggUPuzRYg1iw=
github.com/mduvall/go-quip v0.0.0-20160711000209-205ac9897970/go.mod h1:gRp9GiJnepjOq24TRxeOCTw2yOdUaoqqYJdAyhruI1Q=
github.com/mitchellh/mapstructure v1.5.0 h1:jeMsZIYE/09sWLaz43PL7Gy6RuMjD2eJVyuac5Z2hdY=
github.com/mitchellh/mapstructure v1.5.0/go.mod h1:bFUtVrKA4DC2yAKiSyO/QUcy7e+RRV2QTWOzhPopBRo=
